
Microsoft Visual Studio Solution File, Format Version 12.00
# Visual Studio Version 16
VisualStudioVersion = 16.0.31025.194
MinimumVisualStudioVersion = 10.0.40219.1
Project("{8BC9CEB8-8B4A-11D0-8D11-00A0C91BC942}") = "CuadradoMagico", "CuadradoMagico\CuadradoMagico.vcxproj", "{00CA19F0-3D7E-4B6B-A35F-D5F951B3B629}"
EndProject
Global
	GlobalSection(SolutionConfigurationPlatforms) = preSolution
		Debug|x64 = Debug|x64
		Debug|x86 = Debug|x86
		Release|x64 = Release|x64
		Release|x86 = Release|x86
	EndGlobalSection
	GlobalSection(ProjectConfigurationPlatforms) = postSolution
		{00CA19F0-3D7E-4B6B-A35F-D5F951B3B629}.Debug|x64.ActiveCfg = Debug|x64
		{00CA19F0-3D7E-4B6B-A35F-D5F951B3B629}.Debug|x64.Build.0 = Debug|x64
		{00CA19F0-3D7E-4B6B-A35F-D5F951B3B629}.Debug|x86.ActiveCfg = Debug|Win32
		{00CA19F0-3D7E-4B6B-A35F-D5F951B3B629}.Debug|x86.Build.0 = Debug|Win32
		{00CA19F0-3D7E-4B6B-A35F-D5F951B3B629}.Release|x64.ActiveCfg = Release|x64
		{00CA19F0-3D7E-4B6B-A35F-D5F951B3B629}.Release|x64.Build.0 = Release|x64
		{00CA19F0-3D7E-4B6B-A35F-D5F951B3B629}.Release|x86.ActiveCfg = Release|Win32
		{00CA19F0-3D7E-4B6B-A35F-D5F951B3B629}.Release|x86.Build.0 = Release|Win32
	EndGlobalSection
	GlobalSection(SolutionProperties) = preSolution
		HideSolutionNode = FALSE
	EndGlobalSection
	GlobalSection(ExtensibilityGlobals) = postSolution
		SolutionGuid = {B0656A57-FD0A-4F45-841A-1BBAB9ADC547}
	EndGlobalSection
EndGlobal
